
Microsoft Visual Studio Solution File, Format Version 12.00
# Visual Studio 14
VisualStudioVersion = 14.0.25420.1
MinimumVisualStudioVersion = 10.0.40219.1
Project("{2150E333-8FDC-42A3-9474-1A3956D46DE8}") = "src", "src", "{3415E3E0-D8CA-45C9-99A3-2021CF662EB7}"
EndProject
Project("{2150E333-8FDC-42A3-9474-1A3956D46DE8}") = "Solution Items", "Solution Items", "{F9504659-1500-41CB-9021-6DCF71701F84}"
	ProjectSection(SolutionItems) = preProject
		global.json = global.json
	EndProjectSection
EndProject
Project("{8BB2217D-0F2D-49D1-97BC-3654ED321F3B}") = "NuGet.Manage", "src\NuGet.Manage\NuGet.Manage.xproj", "{ECB68F35-D82A-470B-8EF0-A856542FDD39}"
EndProject
Global
	GlobalSection(SolutionConfigurationPlatforms) = preSolution
		Debug|Any CPU = Debug|Any CPU
		Release|Any CPU = Release|Any CPU
	EndGlobalSection
	GlobalSection(ProjectConfigurationPlatforms) = postSolution
		{ECB68F35-D82A-470B-8EF0-A856542FDD39}.Debug|Any CPU.ActiveCfg = Debug|Any CPU
		{ECB68F35-D82A-470B-8EF0-A856542FDD39}.Debug|Any CPU.Build.0 = Debug|Any CPU
		{ECB68F35-D82A-470B-8EF0-A856542FDD39}.Release|Any CPU.ActiveCfg = Release|Any CPU
		{ECB68F35-D82A-470B-8EF0-A856542FDD39}.Release|Any CPU.Build.0 = Release|Any CPU
	EndGlobalSection
	GlobalSection(SolutionProperties) = preSolution
		HideSolutionNode = FALSE
	EndGlobalSection
	GlobalSection(NestedProjects) = preSolution
		{ECB68F35-D82A-470B-8EF0-A856542FDD39} = {3415E3E0-D8CA-45C9-99A3-2021CF662EB7}
	EndGlobalSection
EndGlobal
